
Microsoft Visual Studio Solution File, Format Version 12.00
# Visual Studio 15
Project("{FAE04EC0-301F-11D3-BF4B-00C04F79EFBC}") = "NavMeshComponents", "NavMeshComponents.csproj", "{0D79E163-F815-DE67-F5A7-C22C8EAF3A5D}"
EndProject
Project("{FAE04EC0-301F-11D3-BF4B-00C04F79EFBC}") = "Assembly-CSharp", "Assembly-CSharp.csproj", "{F14170FA-7934-8002-0115-C2605B8F6C68}"
EndProject
Project("{FAE04EC0-301F-11D3-BF4B-00C04F79EFBC}") = "NavMeshComponentsEditor", "NavMeshComponentsEditor.csproj", "{73F904A4-8CFB-D064-E339-A3140C7C6EA9}"
EndProject
Global
	GlobalSection(SolutionConfigurationPlatforms) = preSolution
		Debug|Any CPU = Debug|Any CPU
		Release|Any CPU = Release|Any CPU
	EndGlobalSection
	GlobalSection(ProjectConfigurationPlatforms) = postSolution
		{0D79E163-F815-DE67-F5A7-C22C8EAF3A5D}.Debug|Any CPU.ActiveCfg = Debug|Any CPU
		{0D79E163-F815-DE67-F5A7-C22C8EAF3A5D}.Debug|Any CPU.Build.0 = Debug|Any CPU
		{0D79E163-F815-DE67-F5A7-C22C8EAF3A5D}.Release|Any CPU.ActiveCfg = Release|Any CPU
		{0D79E163-F815-DE67-F5A7-C22C8EAF3A5D}.Release|Any CPU.Build.0 = Release|Any CPU
		{F14170FA-7934-8002-0115-C2605B8F6C68}.Debug|Any CPU.ActiveCfg = Debug|Any CPU
		{F14170FA-7934-8002-0115-C2605B8F6C68}.Debug|Any CPU.Build.0 = Debug|Any CPU
		{F14170FA-7934-8002-0115-C2605B8F6C68}.Release|Any CPU.ActiveCfg = Release|Any CPU
		{F14170FA-7934-8002-0115-C2605B8F6C68}.Release|Any CPU.Build.0 = Release|Any CPU
		{73F904A4-8CFB-D064-E339-A3140C7C6EA9}.Debug|Any CPU.ActiveCfg = Debug|Any CPU
		{73F904A4-8CFB-D064-E339-A3140C7C6EA9}.Debug|Any CPU.Build.0 = Debug|Any CPU
		{73F904A4-8CFB-D064-E339-A3140C7C6EA9}.Release|Any CPU.ActiveCfg = Release|Any CPU
		{73F904A4-8CFB-D064-E339-A3140C7C6EA9}.Release|Any CPU.Build.0 = Release|Any CPU
	EndGlobalSection
	GlobalSection(SolutionProperties) = preSolution
		HideSolutionNode = FALSE
	EndGlobalSection
EndGlobal
